
Microsoft Visual Studio Solution File, Format Version 12.00
Project("{FAE04EC0-301F-11D3-BF4B-00C04F79EFBC}") = "Brainbay.Characters.Console", "Brainbay.Characters.Console\Brainbay.Characters.Console.csproj", "{CF04D0DE-21F2-4927-9F01-0DDA59649EFA}"
EndProject
Project("{FAE04EC0-301F-11D3-BF4B-00C04F79EFBC}") = "Brainbay.Characters.Contracts", "Brainbay.Characters.Contracts\Brainbay.Characters.Contracts.csproj", "{C513728E-BFB5-4B6F-AA8E-27A9DAC7B3C6}"
EndProject
Project("{FAE04EC0-301F-11D3-BF4B-00C04F79EFBC}") = "Brainbay.Characters.WebApi", "Brainbay.Characters.WebApi\Brainbay.Characters.WebApi.csproj", "{37B63BF2-096D-40E1-A56F-6A67FC19234C}"
EndProject
Project("{FAE04EC0-301F-11D3-BF4B-00C04F79EFBC}") = "Brainbay.Characters.DataAccess", "Brainbay.Characters.DataAccess\Brainbay.Characters.DataAccess.csproj", "{B877D9A2-8C22-4652-9E71-5A6326AE46D4}"
EndProject
Project("{FAE04EC0-301F-11D3-BF4B-00C04F79EFBC}") = "Brainbay.Characters.Integrations.RickAndMorty", "Brainbay.Characters.Integrations.RickAndMorty\Brainbay.Characters.Integrations.RickAndMorty.csproj", "{A755827E-42EF-4546-939A-1412C0452DA7}"
EndProject
Project("{FAE04EC0-301F-11D3-BF4B-00C04F79EFBC}") = "Brainbay.Characters.Tests", "Brainbay.Characters.Tests\Brainbay.Characters.Tests.csproj", "{EBFF9338-0382-41D0-AF35-9A03315223B4}"
EndProject
Project("{FAE04EC0-301F-11D3-BF4B-00C04F79EFBC}") = "Brainbay.Characters.Application", "Brainbay.Characters.Application\Brainbay.Characters.Application.csproj", "{76850E7E-337A-4786-9C6F-D109653A1947}"
EndProject
Global
	GlobalSection(SolutionConfigurationPlatforms) = preSolution
		Debug|Any CPU = Debug|Any CPU
		Release|Any CPU = Release|Any CPU
	EndGlobalSection
	GlobalSection(ProjectConfigurationPlatforms) = postSolution
		{CF04D0DE-21F2-4927-9F01-0DDA59649EFA}.Debug|Any CPU.ActiveCfg = Debug|Any CPU
		{CF04D0DE-21F2-4927-9F01-0DDA59649EFA}.Debug|Any CPU.Build.0 = Debug|Any CPU
		{CF04D0DE-21F2-4927-9F01-0DDA59649EFA}.Release|Any CPU.ActiveCfg = Release|Any CPU
		{CF04D0DE-21F2-4927-9F01-0DDA59649EFA}.Release|Any CPU.Build.0 = Release|Any CPU
		{C513728E-BFB5-4B6F-AA8E-27A9DAC7B3C6}.Debug|Any CPU.ActiveCfg = Debug|Any CPU
		{C513728E-BFB5-4B6F-AA8E-27A9DAC7B3C6}.Debug|Any CPU.Build.0 = Debug|Any CPU
		{C513728E-BFB5-4B6F-AA8E-27A9DAC7B3C6}.Release|Any CPU.ActiveCfg = Release|Any CPU
		{C513728E-BFB5-4B6F-AA8E-27A9DAC7B3C6}.Release|Any CPU.Build.0 = Release|Any CPU
		{37B63BF2-096D-40E1-A56F-6A67FC19234C}.Debug|Any CPU.ActiveCfg = Debug|Any CPU
		{37B63BF2-096D-40E1-A56F-6A67FC19234C}.Debug|Any CPU.Build.0 = Debug|Any CPU
		{37B63BF2-096D-40E1-A56F-6A67FC19234C}.Release|Any CPU.ActiveCfg = Release|Any CPU
		{37B63BF2-096D-40E1-A56F-6A67FC19234C}.Release|Any CPU.Build.0 = Release|Any CPU
		{B877D9A2-8C22-4652-9E71-5A6326AE46D4}.Debug|Any CPU.ActiveCfg = Debug|Any CPU
		{B877D9A2-8C22-4652-9E71-5A6326AE46D4}.Debug|Any CPU.Build.0 = Debug|Any CPU
		{B877D9A2-8C22-4652-9E71-5A6326AE46D4}.Release|Any CPU.ActiveCfg = Release|Any CPU
		{B877D9A2-8C22-4652-9E71-5A6326AE46D4}.Release|Any CPU.Build.0 = Release|Any CPU
		{A755827E-42EF-4546-939A-1412C0452DA7}.Debug|Any CPU.ActiveCfg = Debug|Any CPU
		{A755827E-42EF-4546-939A-1412C0452DA7}.Debug|Any CPU.Build.0 = Debug|Any CPU
		{A755827E-42EF-4546-939A-1412C0452DA7}.Release|Any CPU.ActiveCfg = Release|Any CPU
		{A755827E-42EF-4546-939A-1412C0452DA7}.Release|Any CPU.Build.0 = Release|Any CPU
		{EBFF9338-0382-41D0-AF35-9A03315223B4}.Debug|Any CPU.ActiveCfg = Debug|Any CPU
		{EBFF9338-0382-41D0-AF35-9A03315223B4}.Debug|Any CPU.Build.0 = Debug|Any CPU
		{EBFF9338-0382-41D0-AF35-9A03315223B4}.Release|Any CPU.ActiveCfg = Release|Any CPU
		{EBFF9338-0382-41D0-AF35-9A03315223B4}.Release|Any CPU.Build.0 = Release|Any CPU
		{76850E7E-337A-4786-9C6F-D109653A1947}.Debug|Any CPU.ActiveCfg = Debug|Any CPU
		{76850E7E-337A-4786-9C6F-D109653A1947}.Debug|Any CPU.Build.0 = Debug|Any CPU
		{76850E7E-337A-4786-9C6F-D109653A1947}.Release|Any CPU.ActiveCfg = Release|Any CPU
		{76850E7E-337A-4786-9C6F-D109653A1947}.Release|Any CPU.Build.0 = Release|Any CPU
	EndGlobalSection
EndGlobal
